// !$*UTF8*$!
{
	archiveVersion = 1;
	classes = {
	};
	objectVersion = 51;
	objects = {

/* Begin PBXBuildFile section */
		4C87450AF0D8E320E4BBAABA /* Pods_MyTestApp.framework in Frameworks */ = {isa = PBXBuildFile; fileRef = 1D70D46F61BE5B866BCDC354 /* Pods_MyTestApp.framework */; };
		69380A88252ED96700F2B778 /* TestViewController.swift in Sources */ = {isa = PBXBuildFile; fileRef = 69380A86252ED96700F2B778 /* TestViewController.swift */; };
		69380A97252F0CE500F2B778 /* GoogleService-Info.plist in Resources */ = {isa = PBXBuildFile; fileRef = 69380A96252F0CE500F2B778 /* GoogleService-Info.plist */; };
		69380A9C252F0E2200F2B778 /* Podfile in Resources */ = {isa = PBXBuildFile; fileRef = 69380A9B252F0E2200F2B778 /* Podfile */; };
		69380AE6252F1DA500F2B778 /* ProfileVC.swift in Sources */ = {isa = PBXBuildFile; fileRef = 69380AE5252F1DA500F2B778 /* ProfileVC.swift */; };
		69380AF2252F3BC600F2B778 /* API.swift in Sources */ = {isa = PBXBuildFile; fileRef = 69380AF1252F3BC600F2B778 /* API.swift */; };
		694D77A5252DC7E90061848B /* BookDetailVC.swift in Sources */ = {isa = PBXBuildFile; fileRef = 694D77A4252DC7E90061848B /* BookDetailVC.swift */; };
		694D77AA252DC9E20061848B /* FeaturedRow.swift in Sources */ = {isa = PBXBuildFile; fileRef = 694D77A9252DC9E20061848B /* FeaturedRow.swift */; };
		6956353B2532F8FD00F3EBA2 /* BookFeatured.swift in Sources */ = {isa = PBXBuildFile; fileRef = 6956353A2532F8FD00F3EBA2 /* BookFeatured.swift */; };
		695635402533034200F3EBA2 /* BookDetailVM.swift in Sources */ = {isa = PBXBuildFile; fileRef = 6956353F2533034200F3EBA2 /* BookDetailVM.swift */; };
		6962B6BD2530D55600BBB81D /* MyTestApp.xcdatamodeld in Sources */ = {isa = PBXBuildFile; fileRef = 6962B6BB2530D55600BBB81D /* MyTestApp.xcdatamodeld */; };
		69682CCF253460A100F6A6F7 /* MyBookshelfVC.swift in Sources */ = {isa = PBXBuildFile; fileRef = 69682CCE253460A100F6A6F7 /* MyBookshelfVC.swift */; };
		69682CD42534788700F6A6F7 /* MyBookDetailVC.swift in Sources */ = {isa = PBXBuildFile; fileRef = 69682CD32534788700F6A6F7 /* MyBookDetailVC.swift */; };
		69682CE12534AF0400F6A6F7 /* Helpers.swift in Sources */ = {isa = PBXBuildFile; fileRef = 69682CE02534AF0400F6A6F7 /* Helpers.swift */; };
		6979E085252F78F800BD590F /* Heebo-Black.ttf in Resources */ = {isa = PBXBuildFile; fileRef = 69380AFE252F758600F2B778 /* Heebo-Black.ttf */; };
		6979E089252F78FB00BD590F /* Heebo-Bold.ttf in Resources */ = {isa = PBXBuildFile; fileRef = 69380B02252F758600F2B778 /* Heebo-Bold.ttf */; };
		6979E08A252F78FD00BD590F /* Heebo-ExtraBold.ttf in Resources */ = {isa = PBXBuildFile; fileRef = 69380AFD252F758600F2B778 /* Heebo-ExtraBold.ttf */; };
		6979E08E252F78FF00BD590F /* Heebo-Medium.ttf in Resources */ = {isa = PBXBuildFile; fileRef = 69380B00252F758600F2B778 /* Heebo-Medium.ttf */; };
		6979E092252F790100BD590F /* Heebo-Regular.ttf in Resources */ = {isa = PBXBuildFile; fileRef = 69380AFF252F758600F2B778 /* Heebo-Regular.ttf */; };
		6979E096252F790400BD590F /* Heebo-SemiBold.ttf in Resources */ = {isa = PBXBuildFile; fileRef = 69380B01252F758600F2B778 /* Heebo-SemiBold.ttf */; };
		697BB02E25331AF0001D17EF /* BookInfo.swift in Sources */ = {isa = PBXBuildFile; fileRef = 697BB02D25331AF0001D17EF /* BookInfo.swift */; };
		697E47B3253089DB00E769A1 /* STButton.swift in Sources */ = {isa = PBXBuildFile; fileRef = 697E47B2253089DB00E769A1 /* STButton.swift */; };
		697E47B825308C7E00E769A1 /* DatabaseHelper.swift in Sources */ = {isa = PBXBuildFile; fileRef = 697E47B725308C7E00E769A1 /* DatabaseHelper.swift */; };
		69A97F46252C7424006EA658 /* AppDelegate.swift in Sources */ = {isa = PBXBuildFile; fileRef = 69A97F45252C7424006EA658 /* AppDelegate.swift */; };
		69A97F48252C7424006EA658 /* SceneDelegate.swift in Sources */ = {isa = PBXBuildFile; fileRef = 69A97F47252C7424006EA658 /* SceneDelegate.swift */; };
		69A97F4A252C7424006EA658 /* ViewController.swift in Sources */ = {isa = PBXBuildFile; fileRef = 69A97F49252C7424006EA658 /* ViewController.swift */; };
		69A97F4D252C7424006EA658 /* Main.storyboard in Resources */ = {isa = PBXBuildFile; fileRef = 69A97F4B252C7424006EA658 /* Main.storyboard */; };
		69A97F4F252C7424006EA658 /* Assets.xcassets in Resources */ = {isa = PBXBuildFile; fileRef = 69A97F4E252C7424006EA658 /* Assets.xcassets */; };
		69A97F52252C7424006EA658 /* LaunchScreen.storyboard in Resources */ = {isa = PBXBuildFile; fileRef = 69A97F50252C7424006EA658 /* LaunchScreen.storyboard */; };
		69A97F5D252C7424006EA658 /* MyTestAppTests.swift in Sources */ = {isa = PBXBuildFile; fileRef = 69A97F5C252C7424006EA658 /* MyTestAppTests.swift */; };
		69A97F68252C7424006EA658 /* MyTestAppUITests.swift in Sources */ = {isa = PBXBuildFile; fileRef = 69A97F67252C7424006EA658 /* MyTestAppUITests.swift */; };
		69B997422535B9480067969D /* DeepAR.framework in Frameworks */ = {isa = PBXBuildFile; fileRef = 69B997402535B91E0067969D /* DeepAR.framework */; };
		69B997432535B9480067969D /* DeepAR.framework in Embed Frameworks */ = {isa = PBXBuildFile; fileRef = 69B997402535B91E0067969D /* DeepAR.framework */; settings = {ATTRIBUTES = (CodeSignOnCopy, RemoveHeadersOnCopy, ); }; };
		69B997762535CA7C0067969D /* DeepARVC.swift in Sources */ = {isa = PBXBuildFile; fileRef = 69B997742535CA7C0067969D /* DeepARVC.swift */; };
		69B997772535CA7C0067969D /* DeepARVC.xib in Resources */ = {isa = PBXBuildFile; fileRef = 69B997752535CA7C0067969D /* DeepARVC.xib */; };
		A78E4CDDBBB3112CF520940D /* Pods_MyTestAppTests.framework in Frameworks */ = {isa = PBXBuildFile; fileRef = 49583B944960A075E37700B2 /* Pods_MyTestAppTests.framework */; };
		C13E7B35E85C96E79D988A17 /* Pods_MyTestApp_MyTestAppUITests.framework in Frameworks */ = {isa = PBXBuildFile; fileRef = C4D918FEBB381A8F42961519 /* Pods_MyTestApp_MyTestAppUITests.framework */; };
/* End PBXBuildFile section */

/* Begin PBXContainerItemProxy section */
		69A97F59252C7424006EA658 /* PBXContainerItemProxy */ = {
			isa = PBXContainerItemProxy;
			containerPortal = 69A97F3A252C7424006EA658 /* Project object */;
			proxyType = 1;
			remoteGlobalIDString = 69A97F41252C7424006EA658;
			remoteInfo = MyTestApp;
		};
		69A97F64252C7424006EA658 /* PBXContainerItemProxy */ = {
			isa = PBXContainerItemProxy;
			containerPortal = 69A97F3A252C7424006EA658 /* Project object */;
			proxyType = 1;
			remoteGlobalIDString = 69A97F41252C7424006EA658;
			remoteInfo = MyTestApp;
		};
/* End PBXContainerItemProxy section */

/* Begin PBXCopyFilesBuildPhase section */
		69B99701253593460067969D /* Embed Frameworks */ = {
			isa = PBXCopyFilesBuildPhase;
			buildActionMask = 2147483647;
			dstPath = "";
			dstSubfolderSpec = 10;
			files = (
				69B997432535B9480067969D /* DeepAR.framework in Embed Frameworks */,
			);
			name = "Embed Frameworks";
			runOnlyForDeploymentPostprocessing = 0;
		};
/* End PBXCopyFilesBuildPhase section */

/* Begin PBXFileReference section */
		0B69272EB54113981127AFC7 /* Pods-MyTestApp.debug.xcconfig */ = {isa = PBXFileReference; includeInIndex = 1; lastKnownFileType = text.xcconfig; name = "Pods-MyTestApp.debug.xcconfig"; path = "Target Support Files/Pods-MyTestApp/Pods-MyTestApp.debug.xcconfig"; sourceTree = "<group>"; };
		1D70D46F61BE5B866BCDC354 /* Pods_MyTestApp.framework */ = {isa = PBXFileReference; explicitFileType = wrapper.framework; includeInIndex = 0; path = Pods_MyTestApp.framework; sourceTree = BUILT_PRODUCTS_DIR; };
		49583B944960A075E37700B2 /* Pods_MyTestAppTests.framework */ = {isa = PBXFileReference; explicitFileType = wrapper.framework; includeInIndex = 0; path = Pods_MyTestAppTests.framework; sourceTree = BUILT_PRODUCTS_DIR; };
		69380A86252ED96700F2B778 /* TestViewController.swift */ = {isa = PBXFileReference; lastKnownFileType = sourcecode.swift; path = TestViewController.swift; sourceTree = "<group>"; };
		69380A96252F0CE500F2B778 /* GoogleService-Info.plist */ = {isa = PBXFileReference; fileEncoding = 4; lastKnownFileType = text.plist.xml; path = "GoogleService-Info.plist"; sourceTree = "<group>"; };
		69380A9B252F0E2200F2B778 /* Podfile */ = {isa = PBXFileReference; fileEncoding = 4; lastKnownFileType = text; path = Podfile; sourceTree = SOURCE_ROOT; xcLanguageSpecificationIdentifier = xcode.lang.ruby; };
		69380AE5252F1DA500F2B778 /* ProfileVC.swift */ = {isa = PBXFileReference; lastKnownFileType = sourcecode.swift; path = ProfileVC.swift; sourceTree = "<group>"; };
		69380AF1252F3BC600F2B778 /* API.swift */ = {isa = PBXFileReference; lastKnownFileType = sourcecode.swift; path = API.swift; sourceTree = "<group>"; };
		69380AFD252F758600F2B778 /* Heebo-ExtraBold.ttf */ = {isa = PBXFileReference; lastKnownFileType = file; path = "Heebo-ExtraBold.ttf"; sourceTree = "<group>"; };
		69380AFE252F758600F2B778 /* Heebo-Black.ttf */ = {isa = PBXFileReference; lastKnownFileType = file; path = "Heebo-Black.ttf"; sourceTree = "<group>"; };
		69380AFF252F758600F2B778 /* Heebo-Regular.ttf */ = {isa = PBXFileReference; lastKnownFileType = file; path = "Heebo-Regular.ttf"; sourceTree = "<group>"; };
		69380B00252F758600F2B778 /* Heebo-Medium.ttf */ = {isa = PBXFileReference; lastKnownFileType = file; path = "Heebo-Medium.ttf"; sourceTree = "<group>"; };
		69380B01252F758600F2B778 /* Heebo-SemiBold.ttf */ = {isa = PBXFileReference; lastKnownFileType = file; path = "Heebo-SemiBold.ttf"; sourceTree = "<group>"; };
		69380B02252F758600F2B778 /* Heebo-Bold.ttf */ = {isa = PBXFileReference; lastKnownFileType = file; path = "Heebo-Bold.ttf"; sourceTree = "<group>"; };
		694D77A4252DC7E90061848B /* BookDetailVC.swift */ = {isa = PBXFileReference; lastKnownFileType = sourcecode.swift; path = BookDetailVC.swift; sourceTree = "<group>"; };
		694D77A9252DC9E20061848B /* FeaturedRow.swift */ = {isa = PBXFileReference; lastKnownFileType = sourcecode.swift; path = FeaturedRow.swift; sourceTree = "<group>"; };
		6956353A2532F8FD00F3EBA2 /* BookFeatured.swift */ = {isa = PBXFileReference; lastKnownFileType = sourcecode.swift; path = BookFeatured.swift; sourceTree = "<group>"; };
		6956353F2533034200F3EBA2 /* BookDetailVM.swift */ = {isa = PBXFileReference; lastKnownFileType = sourcecode.swift; path = BookDetailVM.swift; sourceTree = "<group>"; };
		6962B6BC2530D55600BBB81D /* MyTestApp.xcdatamodel */ = {isa = PBXFileReference; lastKnownFileType = wrapper.xcdatamodel; path = MyTestApp.xcdatamodel; sourceTree = "<group>"; };
		69682CCE253460A100F6A6F7 /* MyBookshelfVC.swift */ = {isa = PBXFileReference; lastKnownFileType = sourcecode.swift; path = MyBookshelfVC.swift; sourceTree = "<group>"; };
		69682CD32534788700F6A6F7 /* MyBookDetailVC.swift */ = {isa = PBXFileReference; lastKnownFileType = sourcecode.swift; path = MyBookDetailVC.swift; sourceTree = "<group>"; };
		69682CE02534AF0400F6A6F7 /* Helpers.swift */ = {isa = PBXFileReference; lastKnownFileType = sourcecode.swift; path = Helpers.swift; sourceTree = "<group>"; };
		697BB02D25331AF0001D17EF /* BookInfo.swift */ = {isa = PBXFileReference; lastKnownFileType = sourcecode.swift; path = BookInfo.swift; sourceTree = "<group>"; };
		697E47B2253089DB00E769A1 /* STButton.swift */ = {isa = PBXFileReference; lastKnownFileType = sourcecode.swift; path = STButton.swift; sourceTree = "<group>"; };
		697E47B725308C7E00E769A1 /* DatabaseHelper.swift */ = {isa = PBXFileReference; lastKnownFileType = sourcecode.swift; path = DatabaseHelper.swift; sourceTree = "<group>"; };
		69A97F42252C7424006EA658 /* MyTestApp.app */ = {isa = PBXFileReference; explicitFileType = wrapper.application; includeInIndex = 0; path = MyTestApp.app; sourceTree = BUILT_PRODUCTS_DIR; };
		69A97F45252C7424006EA658 /* AppDelegate.swift */ = {isa = PBXFileReference; lastKnownFileType = sourcecode.swift; path = AppDelegate.swift; sourceTree = "<group>"; };
		69A97F47252C7424006EA658 /* SceneDelegate.swift */ = {isa = PBXFileReference; lastKnownFileType = sourcecode.swift; path = SceneDelegate.swift; sourceTree = "<group>"; };
		69A97F49252C7424006EA658 /* ViewController.swift */ = {isa = PBXFileReference; lastKnownFileType = sourcecode.swift; path = ViewController.swift; sourceTree = "<group>"; };
		69A97F4C252C7424006EA658 /* Base */ = {isa = PBXFileReference; lastKnownFileType = file.storyboard; name = Base; path = Base.lproj/Main.storyboard; sourceTree = "<group>"; };
		69A97F4E252C7424006EA658 /* Assets.xcassets */ = {isa = PBXFileReference; lastKnownFileType = folder.assetcatalog; path = Assets.xcassets; sourceTree = "<group>"; };
		69A97F51252C7424006EA658 /* Base */ = {isa = PBXFileReference; lastKnownFileType = file.storyboard; name = Base; path = Base.lproj/LaunchScreen.storyboard; sourceTree = "<group>"; };
		69A97F53252C7424006EA658 /* Info.plist */ = {isa = PBXFileReference; lastKnownFileType = text.plist.xml; path = Info.plist; sourceTree = "<group>"; };
		69A97F58252C7424006EA658 /* MyTestAppTests.xctest */ = {isa = PBXFileReference; explicitFileType = wrapper.cfbundle; includeInIndex = 0; path = MyTestAppTests.xctest; sourceTree = BUILT_PRODUCTS_DIR; };
		69A97F5C252C7424006EA658 /* MyTestAppTests.swift */ = {isa = PBXFileReference; lastKnownFileType = sourcecode.swift; path = MyTestAppTests.swift; sourceTree = "<group>"; };
		69A97F5E252C7424006EA658 /* Info.plist */ = {isa = PBXFileReference; lastKnownFileType = text.plist.xml; path = Info.plist; sourceTree = "<group>"; };
		69A97F63252C7424006EA658 /* MyTestAppUITests.xctest */ = {isa = PBXFileReference; explicitFileType = wrapper.cfbundle; includeInIndex = 0; path = MyTestAppUITests.xctest; sourceTree = BUILT_PRODUCTS_DIR; };
		69A97F67252C7424006EA658 /* MyTestAppUITests.swift */ = {isa = PBXFileReference; lastKnownFileType = sourcecode.swift; path = MyTestAppUITests.swift; sourceTree = "<group>"; };
		69A97F69252C7424006EA658 /* Info.plist */ = {isa = PBXFileReference; lastKnownFileType = text.plist.xml; path = Info.plist; sourceTree = "<group>"; };
		69B997402535B91E0067969D /* DeepAR.framework */ = {isa = PBXFileReference; lastKnownFileType = wrapper.framework; path = DeepAR.framework; sourceTree = "<group>"; };
		69B997742535CA7C0067969D /* DeepARVC.swift */ = {isa = PBXFileReference; lastKnownFileType = sourcecode.swift; path = DeepARVC.swift; sourceTree = "<group>"; };
		69B997752535CA7C0067969D /* DeepARVC.xib */ = {isa = PBXFileReference; lastKnownFileType = file.xib; path = DeepARVC.xib; sourceTree = "<group>"; };
		7435D7A8075D773A712CD486 /* Pods-MyTestApp-MyTestAppUITests.release.xcconfig */ = {isa = PBXFileReference; includeInIndex = 1; lastKnownFileType = text.xcconfig; name = "Pods-MyTestApp-MyTestAppUITests.release.xcconfig"; path = "Target Support Files/Pods-MyTestApp-MyTestAppUITests/Pods-MyTestApp-MyTestAppUITests.release.xcconfig"; sourceTree = "<group>"; };
		B0C85D1D28AB024D164D9B88 /* Pods-MyTestApp.release.xcconfig */ = {isa = PBXFileReference; includeInIndex = 1; lastKnownFileType = text.xcconfig; name = "Pods-MyTestApp.release.xcconfig"; path = "Target Support Files/Pods-MyTestApp/Pods-MyTestApp.release.xcconfig"; sourceTree = "<group>"; };
		C4D918FEBB381A8F42961519 /* Pods_MyTestApp_MyTestAppUITests.framework */ = {isa = PBXFileReference; explicitFileType = wrapper.framework; includeInIndex = 0; path = Pods_MyTestApp_MyTestAppUITests.framework; sourceTree = BUILT_PRODUCTS_DIR; };
		C7DC32566BCF14B617172BF6 /* Pods-MyTestAppTests.debug.xcconfig */ = {isa = PBXFileReference; includeInIndex = 1; lastKnownFileType = text.xcconfig; name = "Pods-MyTestAppTests.debug.xcconfig"; path = "Target Support Files/Pods-MyTestAppTests/Pods-MyTestAppTests.debug.xcconfig"; sourceTree = "<group>"; };
		DD37FE3BFD6376713F24E284 /* Pods-MyTestApp-MyTestAppUITests.debug.xcconfig */ = {isa = PBXFileReference; includeInIndex = 1; lastKnownFileType = text.xcconfig; name = "Pods-MyTestApp-MyTestAppUITests.debug.xcconfig"; path = "Target Support Files/Pods-MyTestApp-MyTestAppUITests/Pods-MyTestApp-MyTestAppUITests.debug.xcconfig"; sourceTree = "<group>"; };
		F586208A3060642BE49A930D /* Pods-MyTestAppTests.release.xcconfig */ = {isa = PBXFileReference; includeInIndex = 1; lastKnownFileType = text.xcconfig; name = "Pods-MyTestAppTests.release.xcconfig"; path = "Target Support Files/Pods-MyTestAppTests/Pods-MyTestAppTests.release.xcconfig"; sourceTree = "<group>"; };
/* End PBXFileReference section */

/* Begin PBXFrameworksBuildPhase section */
		69A97F3F252C7424006EA658 /* Frameworks */ = {
			isa = PBXFrameworksBuildPhase;
			buildActionMask = 2147483647;
			files = (
				4C87450AF0D8E320E4BBAABA /* Pods_MyTestApp.framework in Frameworks */,
				69B997422535B9480067969D /* DeepAR.framework in Frameworks */,
			);
			runOnlyForDeploymentPostprocessing = 0;
		};
		69A97F55252C7424006EA658 /* Frameworks */ = {
			isa = PBXFrameworksBuildPhase;
			buildActionMask = 2147483647;
			files = (
				A78E4CDDBBB3112CF520940D /* Pods_MyTestAppTests.framework in Frameworks */,
			);
			runOnlyForDeploymentPostprocessing = 0;
		};
		69A97F60252C7424006EA658 /* Frameworks */ = {
			isa = PBXFrameworksBuildPhase;
			buildActionMask = 2147483647;
			files = (
				C13E7B35E85C96E79D988A17 /* Pods_MyTestApp_MyTestAppUITests.framework in Frameworks */,
			);
			runOnlyForDeploymentPostprocessing = 0;
		};
/* End PBXFrameworksBuildPhase section */

/* Begin PBXGroup section */
		4DB5D944F4D163568923EE59 /* Frameworks */ = {
			isa = PBXGroup;
			children = (
				1D70D46F61BE5B866BCDC354 /* Pods_MyTestApp.framework */,
				C4D918FEBB381A8F42961519 /* Pods_MyTestApp_MyTestAppUITests.framework */,
				49583B944960A075E37700B2 /* Pods_MyTestAppTests.framework */,
			);
			name = Frameworks;
			sourceTree = "<group>";
		};
		69380AF0252F3BA800F2B778 /* Services */ = {
			isa = PBXGroup;
			children = (
				69380AF1252F3BC600F2B778 /* API.swift */,
				697E47B725308C7E00E769A1 /* DatabaseHelper.swift */,
				69682CE02534AF0400F6A6F7 /* Helpers.swift */,
			);
			path = Services;
			sourceTree = "<group>";
		};
		69380AF6252F422A00F2B778 /* Model */ = {
			isa = PBXGroup;
			children = (
				6956353A2532F8FD00F3EBA2 /* BookFeatured.swift */,
				697BB02D25331AF0001D17EF /* BookInfo.swift */,
			);
			path = Model;
			sourceTree = "<group>";
		};
		694D77AE252DCA6E0061848B /* Views */ = {
			isa = PBXGroup;
			children = (
				694D77A9252DC9E20061848B /* FeaturedRow.swift */,
				697E47B2253089DB00E769A1 /* STButton.swift */,
			);
			path = Views;
			sourceTree = "<group>";
		};
		694D77B2252DCA760061848B /* VC */ = {
			isa = PBXGroup;
			children = (
				694D77A4252DC7E90061848B /* BookDetailVC.swift */,
				69A97F49252C7424006EA658 /* ViewController.swift */,
				69380AE5252F1DA500F2B778 /* ProfileVC.swift */,
				69380A86252ED96700F2B778 /* TestViewController.swift */,
				69682CCE253460A100F6A6F7 /* MyBookshelfVC.swift */,
				69682CD32534788700F6A6F7 /* MyBookDetailVC.swift */,
				69B997742535CA7C0067969D /* DeepARVC.swift */,
			);
			path = VC;
			sourceTree = "<group>";
		};
		695635442533034700F3EBA2 /* MVVM */ = {
			isa = PBXGroup;
			children = (
				6956353F2533034200F3EBA2 /* BookDetailVM.swift */,
			);
			path = MVVM;
			sourceTree = "<group>";
		};
		6979E084252F786800BD590F /* Fonts */ = {
			isa = PBXGroup;
			children = (
				69380AFE252F758600F2B778 /* Heebo-Black.ttf */,
				69380B02252F758600F2B778 /* Heebo-Bold.ttf */,
				69380AFD252F758600F2B778 /* Heebo-ExtraBold.ttf */,
				69380B00252F758600F2B778 /* Heebo-Medium.ttf */,
				69380AFF252F758600F2B778 /* Heebo-Regular.ttf */,
				69380B01252F758600F2B778 /* Heebo-SemiBold.ttf */,
			);
			name = Fonts;
			path = Fonts/Fonts;
			sourceTree = "<group>";
		};
		697CDB8E253600CD008F1029 /* Storyboards */ = {
			isa = PBXGroup;
			children = (
				69B997752535CA7C0067969D /* DeepARVC.xib */,
				69A97F4B252C7424006EA658 /* Main.storyboard */,
				69A97F50252C7424006EA658 /* LaunchScreen.storyboard */,
			);
			path = Storyboards;
			sourceTree = "<group>";
		};
		69A97F39252C7424006EA658 = {
			isa = PBXGroup;
			children = (
				69A97F44252C7424006EA658 /* MyTestApp */,
				69A97F5B252C7424006EA658 /* MyTestAppTests */,
				69A97F66252C7424006EA658 /* MyTestAppUITests */,
				69A97F43252C7424006EA658 /* Products */,
				B9A4C0EB6E6FDE2445ADCD00 /* Pods */,
				4DB5D944F4D163568923EE59 /* Frameworks */,
			);
			sourceTree = "<group>";
		};
		69A97F43252C7424006EA658 /* Products */ = {
			isa = PBXGroup;
			children = (
				69A97F42252C7424006EA658 /* MyTestApp.app */,
				69A97F58252C7424006EA658 /* MyTestAppTests.xctest */,
				69A97F63252C7424006EA658 /* MyTestAppUITests.xctest */,
			);
			name = Products;
			sourceTree = "<group>";
		};
		69A97F44252C7424006EA658 /* MyTestApp */ = {
			isa = PBXGroup;
			children = (
				69B997062535A3A00067969D /* Frameworks */,
				69380AF6252F422A00F2B778 /* Model */,
				69380AF0252F3BA800F2B778 /* Services */,
				694D77B2252DCA760061848B /* VC */,
				695635442533034700F3EBA2 /* MVVM */,
				694D77AE252DCA6E0061848B /* Views */,
				69A97F45252C7424006EA658 /* AppDelegate.swift */,
				69A97F47252C7424006EA658 /* SceneDelegate.swift */,
				69A97F4E252C7424006EA658 /* Assets.xcassets */,
				697CDB8E253600CD008F1029 /* Storyboards */,
				69A97F53252C7424006EA658 /* Info.plist */,
				69380A96252F0CE500F2B778 /* GoogleService-Info.plist */,
				69380A9B252F0E2200F2B778 /* Podfile */,
				6979E084252F786800BD590F /* Fonts */,
				6962B6BB2530D55600BBB81D /* MyTestApp.xcdatamodeld */,
			);
			path = MyTestApp;
			sourceTree = "<group>";
		};
		69A97F5B252C7424006EA658 /* MyTestAppTests */ = {
			isa = PBXGroup;
			children = (
				69A97F5C252C7424006EA658 /* MyTestAppTests.swift */,
				69A97F5E252C7424006EA658 /* Info.plist */,
			);
			path = MyTestAppTests;
			sourceTree = "<group>";
		};
		69A97F66252C7424006EA658 /* MyTestAppUITests */ = {
			isa = PBXGroup;
			children = (
				69A97F67252C7424006EA658 /* MyTestAppUITests.swift */,
				69A97F69252C7424006EA658 /* Info.plist */,
			);
			path = MyTestAppUITests;
			sourceTree = "<group>";
		};
		69B997062535A3A00067969D /* Frameworks */ = {
			isa = PBXGroup;
			children = (
				69B997402535B91E0067969D /* DeepAR.framework */,
			);
			path = Frameworks;
			sourceTree = "<group>";
		};
		B9A4C0EB6E6FDE2445ADCD00 /* Pods */ = {
			isa = PBXGroup;
			children = (
				0B69272EB54113981127AFC7 /* Pods-MyTestApp.debug.xcconfig */,
				B0C85D1D28AB024D164D9B88 /* Pods-MyTestApp.release.xcconfig */,
				DD37FE3BFD6376713F24E284 /* Pods-MyTestApp-MyTestAppUITests.debug.xcconfig */,
				7435D7A8075D773A712CD486 /* Pods-MyTestApp-MyTestAppUITests.release.xcconfig */,
				C7DC32566BCF14B617172BF6 /* Pods-MyTestAppTests.debug.xcconfig */,
				F586208A3060642BE49A930D /* Pods-MyTestAppTests.release.xcconfig */,
			);
			path = Pods;
			sourceTree = "<group>";
		};
/* End PBXGroup section */

/* Begin PBXNativeTarget section */
		69A97F41252C7424006EA658 /* MyTestApp */ = {
			isa = PBXNativeTarget;
			buildConfigurationList = 69A97F6C252C7424006EA658 /* Build configuration list for PBXNativeTarget "MyTestApp" */;
			buildPhases = (
				4E96081FCAC7FFF84C22B470 /* [CP] Check Pods Manifest.lock */,
				69A97F3E252C7424006EA658 /* Sources */,
				69A97F3F252C7424006EA658 /* Frameworks */,
				69A97F40252C7424006EA658 /* Resources */,
				AA34DF4077A13F45AA5894B5 /* [CP] Embed Pods Frameworks */,
				F5382ABD1902837357A58306 /* [CP] Copy Pods Resources */,
				69B99701253593460067969D /* Embed Frameworks */,
			);
			buildRules = (
			);
			dependencies = (
			);
			name = MyTestApp;
			productName = MyTestApp;
			productReference = 69A97F42252C7424006EA658 /* MyTestApp.app */;
			productType = "com.apple.product-type.application";
		};
		69A97F57252C7424006EA658 /* MyTestAppTests */ = {
			isa = PBXNativeTarget;
			buildConfigurationList = 69A97F6F252C7424006EA658 /* Build configuration list for PBXNativeTarget "MyTestAppTests" */;
			buildPhases = (
				22762A91F44B78C95CEB28B0 /* [CP] Check Pods Manifest.lock */,
				69A97F54252C7424006EA658 /* Sources */,
				69A97F55252C7424006EA658 /* Frameworks */,
				69A97F56252C7424006EA658 /* Resources */,
			);
			buildRules = (
			);
			dependencies = (
				69A97F5A252C7424006EA658 /* PBXTargetDependency */,
			);
			name = MyTestAppTests;
			productName = MyTestAppTests;
			productReference = 69A97F58252C7424006EA658 /* MyTestAppTests.xctest */;
			productType = "com.apple.product-type.bundle.unit-test";
		};
		69A97F62252C7424006EA658 /* MyTestAppUITests */ = {
			isa = PBXNativeTarget;
			buildConfigurationList = 69A97F72252C7424006EA658 /* Build configuration list for PBXNativeTarget "MyTestAppUITests" */;
			buildPhases = (
				B2A9367243EC7E7920621FD9 /* [CP] Check Pods Manifest.lock */,
				69A97F5F252C7424006EA658 /* Sources */,
				69A97F60252C7424006EA658 /* Frameworks */,
				69A97F61252C7424006EA658 /* Resources */,
				5D09D22C00F2F88E37E96C94 /* [CP] Embed Pods Frameworks */,
				D45C50E53BB9B66E4278F159 /* [CP] Copy Pods Resources */,
			);
			buildRules = (
			);
			dependencies = (
				69A97F65252C7424006EA658 /* PBXTargetDependency */,
			);
			name = MyTestAppUITests;
			productName = MyTestAppUITests;
			productReference = 69A97F63252C7424006EA658 /* MyTestAppUITests.xctest */;
			productType = "com.apple.product-type.bundle.ui-testing";
		};
/* End PBXNativeTarget section */

/* Begin PBXProject section */
		69A97F3A252C7424006EA658 /* Project object */ = {
			isa = PBXProject;
			attributes = {
				LastSwiftUpdateCheck = 1200;
				LastUpgradeCheck = 1200;
				TargetAttributes = {
					69A97F41252C7424006EA658 = {
						CreatedOnToolsVersion = 12.0.1;
					};
					69A97F57252C7424006EA658 = {
						CreatedOnToolsVersion = 12.0.1;
						TestTargetID = 69A97F41252C7424006EA658;
					};
					69A97F62252C7424006EA658 = {
						CreatedOnToolsVersion = 12.0.1;
						TestTargetID = 69A97F41252C7424006EA658;
					};
				};
			};
			buildConfigurationList = 69A97F3D252C7424006EA658 /* Build configuration list for PBXProject "MyTestApp" */;
			compatibilityVersion = "Xcode 9.3";
			developmentRegion = en;
			hasScannedForEncodings = 0;
			knownRegions = (
				en,
				Base,
			);
			mainGroup = 69A97F39252C7424006EA658;
			productRefGroup = 69A97F43252C7424006EA658 /* Products */;
			projectDirPath = "";
			projectRoot = "";
			targets = (
				69A97F41252C7424006EA658 /* MyTestApp */,
				69A97F57252C7424006EA658 /* MyTestAppTests */,
				69A97F62252C7424006EA658 /* MyTestAppUITests */,
			);
		};
/* End PBXProject section */

/* Begin PBXResourcesBuildPhase section */
		69A97F40252C7424006EA658 /* Resources */ = {
			isa = PBXResourcesBuildPhase;
			buildActionMask = 2147483647;
			files = (
				6979E096252F790400BD590F /* Heebo-SemiBold.ttf in Resources */,
				6979E085252F78F800BD590F /* Heebo-Black.ttf in Resources */,
				69380A9C252F0E2200F2B778 /* Podfile in Resources */,
				6979E089252F78FB00BD590F /* Heebo-Bold.ttf in Resources */,
				69A97F52252C7424006EA658 /* LaunchScreen.storyboard in Resources */,
				6979E08A252F78FD00BD590F /* Heebo-ExtraBold.ttf in Resources */,
				6979E092252F790100BD590F /* Heebo-Regular.ttf in Resources */,
				69B997772535CA7C0067969D /* DeepARVC.xib in Resources */,
				69380A97252F0CE500F2B778 /* GoogleService-Info.plist in Resources */,
				6979E08E252F78FF00BD590F /* Heebo-Medium.ttf in Resources */,
				69A97F4F252C7424006EA658 /* Assets.xcassets in Resources */,
				69A97F4D252C7424006EA658 /* Main.storyboard in Resources */,
			);
			runOnlyForDeploymentPostprocessing = 0;
		};
		69A97F56252C7424006EA658 /* Resources */ = {
			isa = PBXResourcesBuildPhase;
			buildActionMask = 2147483647;
			files = (
			);
			runOnlyForDeploymentPostprocessing = 0;
		};
		69A97F61252C7424006EA658 /* Resources */ = {
			isa = PBXResourcesBuildPhase;
			buildActionMask = 2147483647;
			files = (
			);
			runOnlyForDeploymentPostprocessing = 0;
		};
/* End PBXResourcesBuildPhase section */

/* Begin PBXShellScriptBuildPhase section */
		22762A91F44B78C95CEB28B0 /* [CP] Check Pods Manifest.lock */ = {
			isa = PBXShellScriptBuildPhase;
			buildActionMask = 2147483647;
			files = (
			);
			inputFileListPaths = (
			);
			inputPaths = (
				"${PODS_PODFILE_DIR_PATH}/Podfile.lock",
				"${PODS_ROOT}/Manifest.lock",
			);
			name = "[CP] Check Pods Manifest.lock";
			outputFileListPaths = (
			);
			outputPaths = (
				"$(DERIVED_FILE_DIR)/Pods-MyTestAppTests-checkManifestLockResult.txt",
			);
			runOnlyForDeploymentPostprocessing = 0;
			shellPath = /bin/sh;
			shellScript = "diff \"${PODS_PODFILE_DIR_PATH}/Podfile.lock\" \"${PODS_ROOT}/Manifest.lock\" > /dev/null\nif [ $? != 0 ] ; then\n    # print error to STDERR\n    echo \"error: The sandbox is not in sync with the Podfile.lock. Run 'pod install' or update your CocoaPods installation.\" >&2\n    exit 1\nfi\n# This output is used by Xcode 'outputs' to avoid re-running this script phase.\necho \"SUCCESS\" > \"${SCRIPT_OUTPUT_FILE_0}\"\n";
			showEnvVarsInLog = 0;
		};
		4E96081FCAC7FFF84C22B470 /* [CP] Check Pods Manifest.lock */ = {
			isa = PBXShellScriptBuildPhase;
			buildActionMask = 2147483647;
			files = (
			);
			inputFileListPaths = (
			);
			inputPaths = (
				"${PODS_PODFILE_DIR_PATH}/Podfile.lock",
				"${PODS_ROOT}/Manifest.lock",
			);
			name = "[CP] Check Pods Manifest.lock";
			outputFileListPaths = (
			);
			outputPaths = (
				"$(DERIVED_FILE_DIR)/Pods-MyTestApp-checkManifestLockResult.txt",
			);
			runOnlyForDeploymentPostprocessing = 0;
			shellPath = /bin/sh;
			shellScript = "diff \"${PODS_PODFILE_DIR_PATH}/Podfile.lock\" \"${PODS_ROOT}/Manifest.lock\" > /dev/null\nif [ $? != 0 ] ; then\n    # print error to STDERR\n    echo \"error: The sandbox is not in sync with the Podfile.lock. Run 'pod install' or update your CocoaPods installation.\" >&2\n    exit 1\nfi\n# This output is used by Xcode 'outputs' to avoid re-running this script phase.\necho \"SUCCESS\" > \"${SCRIPT_OUTPUT_FILE_0}\"\n";
			showEnvVarsInLog = 0;
		};
		5D09D22C00F2F88E37E96C94 /* [CP] Embed Pods Frameworks */ = {
			isa = PBXShellScriptBuildPhase;
			buildActionMask = 2147483647;
			files = (
			);
			inputFileListPaths = (
				"${PODS_ROOT}/Target Support Files/Pods-MyTestApp-MyTestAppUITests/Pods-MyTestApp-MyTestAppUITests-frameworks-${CONFIGURATION}-input-files.xcfilelist",
			);
			name = "[CP] Embed Pods Frameworks";
			outputFileListPaths = (
				"${PODS_ROOT}/Target Support Files/Pods-MyTestApp-MyTestAppUITests/Pods-MyTestApp-MyTestAppUITests-frameworks-${CONFIGURATION}-output-files.xcfilelist",
			);
			runOnlyForDeploymentPostprocessing = 0;
			shellPath = /bin/sh;
			shellScript = "\"${PODS_ROOT}/Target Support Files/Pods-MyTestApp-MyTestAppUITests/Pods-MyTestApp-MyTestAppUITests-frameworks.sh\"\n";
			showEnvVarsInLog = 0;
		};
		AA34DF4077A13F45AA5894B5 /* [CP] Embed Pods Frameworks */ = {
			isa = PBXShellScriptBuildPhase;
			buildActionMask = 2147483647;
			files = (
			);
			inputFileListPaths = (
				"${PODS_ROOT}/Target Support Files/Pods-MyTestApp/Pods-MyTestApp-frameworks-${CONFIGURATION}-input-files.xcfilelist",
			);
			name = "[CP] Embed Pods Frameworks";
			outputFileListPaths = (
				"${PODS_ROOT}/Target Support Files/Pods-MyTestApp/Pods-MyTestApp-frameworks-${CONFIGURATION}-output-files.xcfilelist",
			);
			runOnlyForDeploymentPostprocessing = 0;
			shellPath = /bin/sh;
			shellScript = "\"${PODS_ROOT}/Target Support Files/Pods-MyTestApp/Pods-MyTestApp-frameworks.sh\"\n";
			showEnvVarsInLog = 0;
		};
		B2A9367243EC7E7920621FD9 /* [CP] Check Pods Manifest.lock */ = {
			isa = PBXShellScriptBuildPhase;
			buildActionMask = 2147483647;
			files = (
			);
			inputFileListPaths = (
			);
			inputPaths = (
				"${PODS_PODFILE_DIR_PATH}/Podfile.lock",
				"${PODS_ROOT}/Manifest.lock",
			);
			name = "[CP] Check Pods Manifest.lock";
			outputFileListPaths = (
			);
			outputPaths = (
				"$(DERIVED_FILE_DIR)/Pods-MyTestApp-MyTestAppUITests-checkManifestLockResult.txt",
			);
			runOnlyForDeploymentPostprocessing = 0;
			shellPath = /bin/sh;
			shellScript = "diff \"${PODS_PODFILE_DIR_PATH}/Podfile.lock\" \"${PODS_ROOT}/Manifest.lock\" > /dev/null\nif [ $? != 0 ] ; then\n    # print error to STDERR\n    echo \"error: The sandbox is not in sync with the Podfile.lock. Run 'pod install' or update your CocoaPods installation.\" >&2\n    exit 1\nfi\n# This output is used by Xcode 'outputs' to avoid re-running this script phase.\necho \"SUCCESS\" > \"${SCRIPT_OUTPUT_FILE_0}\"\n";
			showEnvVarsInLog = 0;
		};
		D45C50E53BB9B66E4278F159 /* [CP] Copy Pods Resources */ = {
			isa = PBXShellScriptBuildPhase;
			buildActionMask = 2147483647;
			files = (
			);
			inputFileListPaths = (
				"${PODS_ROOT}/Target Support Files/Pods-MyTestApp-MyTestAppUITests/Pods-MyTestApp-MyTestAppUITests-resources-${CONFIGURATION}-input-files.xcfilelist",
			);
			name = "[CP] Copy Pods Resources";
			outputFileListPaths = (
				"${PODS_ROOT}/Target Support Files/Pods-MyTestApp-MyTestAppUITests/Pods-MyTestApp-MyTestAppUITests-resources-${CONFIGURATION}-output-files.xcfilelist",
			);
			runOnlyForDeploymentPostprocessing = 0;
			shellPath = /bin/sh;
			shellScript = "\"${PODS_ROOT}/Target Support Files/Pods-MyTestApp-MyTestAppUITests/Pods-MyTestApp-MyTestAppUITests-resources.sh\"\n";
			showEnvVarsInLog = 0;
		};
		F5382ABD1902837357A58306 /* [CP] Copy Pods Resources */ = {
			isa = PBXShellScriptBuildPhase;
			buildActionMask = 2147483647;
			files = (
			);
			inputFileListPaths = (
				"${PODS_ROOT}/Target Support Files/Pods-MyTestApp/Pods-MyTestApp-resources-${CONFIGURATION}-input-files.xcfilelist",
			);
			name = "[CP] Copy Pods Resources";
			outputFileListPaths = (
				"${PODS_ROOT}/Target Support Files/Pods-MyTestApp/Pods-MyTestApp-resources-${CONFIGURATION}-output-files.xcfilelist",
			);
			runOnlyForDeploymentPostprocessing = 0;
			shellPath = /bin/sh;
			shellScript = "\"${PODS_ROOT}/Target Support Files/Pods-MyTestApp/Pods-MyTestApp-resources.sh\"\n";
			showEnvVarsInLog = 0;
		};
/* End PBXShellScriptBuildPhase section */

/* Begin PBXSourcesBuildPhase section */
		69A97F3E252C7424006EA658 /* Sources */ = {
			isa = PBXSourcesBuildPhase;
			buildActionMask = 2147483647;
			files = (
				694D77A5252DC7E90061848B /* BookDetailVC.swift in Sources */,
				6962B6BD2530D55600BBB81D /* MyTestApp.xcdatamodeld in Sources */,
				69A97F4A252C7424006EA658 /* ViewController.swift in Sources */,
				69380AE6252F1DA500F2B778 /* ProfileVC.swift in Sources */,
				697BB02E25331AF0001D17EF /* BookInfo.swift in Sources */,
				6956353B2532F8FD00F3EBA2 /* BookFeatured.swift in Sources */,
				697E47B825308C7E00E769A1 /* DatabaseHelper.swift in Sources */,
				694D77AA252DC9E20061848B /* FeaturedRow.swift in Sources */,
				69A97F46252C7424006EA658 /* AppDelegate.swift in Sources */,
				697E47B3253089DB00E769A1 /* STButton.swift in Sources */,
				69682CE12534AF0400F6A6F7 /* Helpers.swift in Sources */,
				69380A88252ED96700F2B778 /* TestViewController.swift in Sources */,
				695635402533034200F3EBA2 /* BookDetailVM.swift in Sources */,
				69682CD42534788700F6A6F7 /* MyBookDetailVC.swift in Sources */,
				69380AF2252F3BC600F2B778 /* API.swift in Sources */,
				69B997762535CA7C0067969D /* DeepARVC.swift in Sources */,
				69682CCF253460A100F6A6F7 /* MyBookshelfVC.swift in Sources */,
				69A97F48252C7424006EA658 /* SceneDelegate.swift in Sources */,
			);
			runOnlyForDeploymentPostprocessing = 0;
		};
		69A97F54252C7424006EA658 /* Sources */ = {
			isa = PBXSourcesBuildPhase;
			buildActionMask = 2147483647;
			files = (
				69A97F5D252C7424006EA658 /* MyTestAppTests.swift in Sources */,
			);
			runOnlyForDeploymentPostprocessing = 0;
		};
		69A97F5F252C7424006EA658 /* Sources */ = {
			isa = PBXSourcesBuildPhase;
			buildActionMask = 2147483647;
			files = (
				69A97F68252C7424006EA658 /* MyTestAppUITests.swift in Sources */,
			);
			runOnlyForDeploymentPostprocessing = 0;
		};
/* End PBXSourcesBuildPhase section */

/* Begin PBXTargetDependency section */
		69A97F5A252C7424006EA658 /* PBXTargetDependency */ = {
			isa = PBXTargetDependency;
			target = 69A97F41252C7424006EA658 /* MyTestApp */;
			targetProxy = 69A97F59252C7424006EA658 /* PBXContainerItemProxy */;
		};
		69A97F65252C7424006EA658 /* PBXTargetDependency */ = {
			isa = PBXTargetDependency;
			target = 69A97F41252C7424006EA658 /* MyTestApp */;
			targetProxy = 69A97F64252C7424006EA658 /* PBXContainerItemProxy */;
		};
/* End PBXTargetDependency section */

/* Begin PBXVariantGroup section */
		69A97F4B252C7424006EA658 /* Main.storyboard */ = {
			isa = PBXVariantGroup;
			children = (
				69A97F4C252C7424006EA658 /* Base */,
			);
			name = Main.storyboard;
			sourceTree = "<group>";
		};
		69A97F50252C7424006EA658 /* LaunchScreen.storyboard */ = {
			isa = PBXVariantGroup;
			children = (
				69A97F51252C7424006EA658 /* Base */,
			);
			name = LaunchScreen.storyboard;
			sourceTree = "<group>";
		};
/* End PBXVariantGroup section */

/* Begin XCBuildConfiguration section */
		69A97F6A252C7424006EA658 /* Debug */ = {
			isa = XCBuildConfiguration;
			buildSettings = {
				ALWAYS_SEARCH_USER_PATHS = NO;
				CLANG_ANALYZER_NONNULL = YES;
				CLANG_ANALYZER_NUMBER_OBJECT_CONVERSION = YES_AGGRESSIVE;
				CLANG_CXX_LANGUAGE_STANDARD = "gnu++14";
				CLANG_CXX_LIBRARY = "libc++";
				CLANG_ENABLE_MODULES = YES;
				CLANG_ENABLE_OBJC_ARC = YES;
				CLANG_ENABLE_OBJC_WEAK = YES;
				CLANG_WARN_BLOCK_CAPTURE_AUTORELEASING = YES;
				CLANG_WARN_BOOL_CONVERSION = YES;
				CLANG_WARN_COMMA = YES;
				CLANG_WARN_CONSTANT_CONVERSION = YES;
				CLANG_WARN_DEPRECATED_OBJC_IMPLEMENTATIONS = YES;
				CLANG_WARN_DIRECT_OBJC_ISA_USAGE = YES_ERROR;
				CLANG_WARN_DOCUMENTATION_COMMENTS = YES;
				CLANG_WARN_EMPTY_BODY = YES;
				CLANG_WARN_ENUM_CONVERSION = YES;
				CLANG_WARN_INFINITE_RECURSION = YES;
				CLANG_WARN_INT_CONVERSION = YES;
				CLANG_WARN_NON_LITERAL_NULL_CONVERSION = YES;
				CLANG_WARN_OBJC_IMPLICIT_RETAIN_SELF = YES;
				CLANG_WARN_OBJC_LITERAL_CONVERSION = YES;
				CLANG_WARN_OBJC_ROOT_CLASS = YES_ERROR;
				CLANG_WARN_QUOTED_INCLUDE_IN_FRAMEWORK_HEADER = YES;
				CLANG_WARN_RANGE_LOOP_ANALYSIS = YES;
				CLANG_WARN_STRICT_PROTOTYPES = YES;
				CLANG_WARN_SUSPICIOUS_MOVE = YES;
				CLANG_WARN_UNGUARDED_AVAILABILITY = YES_AGGRESSIVE;
				CLANG_WARN_UNREACHABLE_CODE = YES;
				CLANG_WARN__DUPLICATE_METHOD_MATCH = YES;
				COPY_PHASE_STRIP = NO;
				DEBUG_INFORMATION_FORMAT = dwarf;
				ENABLE_STRICT_OBJC_MSGSEND = YES;
				ENABLE_TESTABILITY = YES;
				"EXCLUDED_ARCHS[sdk=iphonesimulator*]" = arm64;
				GCC_C_LANGUAGE_STANDARD = gnu11;
				GCC_DYNAMIC_NO_PIC = NO;
				GCC_NO_COMMON_BLOCKS = YES;
				GCC_OPTIMIZATION_LEVEL = 0;
				GCC_PREPROCESSOR_DEFINITIONS = (
					"DEBUG=1",
					"$(inherited)",
				);
				GCC_WARN_64_TO_32_BIT_CONVERSION = YES;
				GCC_WARN_ABOUT_RETURN_TYPE = YES_ERROR;
				GCC_WARN_UNDECLARED_SELECTOR = YES;
				GCC_WARN_UNINITIALIZED_AUTOS = YES_AGGRESSIVE;
				GCC_WARN_UNUSED_FUNCTION = YES;
				GCC_WARN_UNUSED_VARIABLE = YES;
				IPHONEOS_DEPLOYMENT_TARGET = 13.2;
				MTL_ENABLE_DEBUG_INFO = INCLUDE_SOURCE;
				MTL_FAST_MATH = YES;
				ONLY_ACTIVE_ARCH = YES;
				SDKROOT = iphoneos;
				SWIFT_ACTIVE_COMPILATION_CONDITIONS = DEBUG;
				SWIFT_OPTIMIZATION_LEVEL = "-Onone";
			};
			name = Debug;
		};
		69A97F6B252C7424006EA658 /* Release */ = {
			isa = XCBuildConfiguration;
			buildSettings = {
				ALWAYS_SEARCH_USER_PATHS = NO;
				CLANG_ANALYZER_NONNULL = YES;
				CLANG_ANALYZER_NUMBER_OBJECT_CONVERSION = YES_AGGRESSIVE;
				CLANG_CXX_LANGUAGE_STANDARD = "gnu++14";
				CLANG_CXX_LIBRARY = "libc++";
				CLANG_ENABLE_MODULES = YES;
				CLANG_ENABLE_OBJC_ARC = YES;
				CLANG_ENABLE_OBJC_WEAK = YES;
				CLANG_WARN_BLOCK_CAPTURE_AUTORELEASING = YES;
				CLANG_WARN_BOOL_CONVERSION = YES;
				CLANG_WARN_COMMA = YES;
				CLANG_WARN_CONSTANT_CONVERSION = YES;
				CLANG_WARN_DEPRECATED_OBJC_IMPLEMENTATIONS = YES;
				CLANG_WARN_DIRECT_OBJC_ISA_USAGE = YES_ERROR;
				CLANG_WARN_DOCUMENTATION_COMMENTS = YES;
				CLANG_WARN_EMPTY_BODY = YES;
				CLANG_WARN_ENUM_CONVERSION = YES;
				CLANG_WARN_INFINITE_RECURSION = YES;
				CLANG_WARN_INT_CONVERSION = YES;
				CLANG_WARN_NON_LITERAL_NULL_CONVERSION = YES;
				CLANG_WARN_OBJC_IMPLICIT_RETAIN_SELF = YES;
				CLANG_WARN_OBJC_LITERAL_CONVERSION = YES;
				CLANG_WARN_OBJC_ROOT_CLASS = YES_ERROR;
				CLANG_WARN_QUOTED_INCLUDE_IN_FRAMEWORK_HEADER = YES;
				CLANG_WARN_RANGE_LOOP_ANALYSIS = YES;
				CLANG_WARN_STRICT_PROTOTYPES = YES;
				CLANG_WARN_SUSPICIOUS_MOVE = YES;
				CLANG_WARN_UNGUARDED_AVAILABILITY = YES_AGGRESSIVE;
				CLANG_WARN_UNREACHABLE_CODE = YES;
				CLANG_WARN__DUPLICATE_METHOD_MATCH = YES;
				COPY_PHASE_STRIP = NO;
				DEBUG_INFORMATION_FORMAT = "dwarf-with-dsym";
				ENABLE_NS_ASSERTIONS = NO;
				ENABLE_STRICT_OBJC_MSGSEND = YES;
				GCC_C_LANGUAGE_STANDARD = gnu11;
				GCC_NO_COMMON_BLOCKS = YES;
				GCC_WARN_64_TO_32_BIT_CONVERSION = YES;
				GCC_WARN_ABOUT_RETURN_TYPE = YES_ERROR;
				GCC_WARN_UNDECLARED_SELECTOR = YES;
				GCC_WARN_UNINITIALIZED_AUTOS = YES_AGGRESSIVE;
				GCC_WARN_UNUSED_FUNCTION = YES;
				GCC_WARN_UNUSED_VARIABLE = YES;
				IPHONEOS_DEPLOYMENT_TARGET = 13.2;
				MTL_ENABLE_DEBUG_INFO = NO;
				MTL_FAST_MATH = YES;
				SDKROOT = iphoneos;
				SWIFT_COMPILATION_MODE = wholemodule;
				SWIFT_OPTIMIZATION_LEVEL = "-O";
				VALIDATE_PRODUCT = YES;
			};
			name = Release;
		};
		69A97F6D252C7424006EA658 /* Debug */ = {
			isa = XCBuildConfiguration;
			baseConfigurationReference = 0B69272EB54113981127AFC7 /* Pods-MyTestApp.debug.xcconfig */;
			buildSettings = {
				ASSETCATALOG_COMPILER_APPICON_NAME = AppIcon;
				ASSETCATALOG_COMPILER_GLOBAL_ACCENT_COLOR_NAME = AccentColor;
				CODE_SIGN_STYLE = Automatic;
				DEVELOPMENT_TEAM = FUFK25RMK4;
				FRAMEWORK_SEARCH_PATHS = (
					"$(inherited)",
					"$(PROJECT_DIR)",
					"$(PROJECT_DIR)/MyTestApp",
					"$(PROJECT_DIR)/MyTestApp/Frameworks",
				);
				INFOPLIST_FILE = MyTestApp/Info.plist;
				IPHONEOS_DEPLOYMENT_TARGET = 13.2;
				LD_RUNPATH_SEARCH_PATHS = (
					"$(inherited)",
					"@executable_path/Frameworks",
				);
				PRODUCT_BUNDLE_IDENTIFIER = com.storytellers.storytellers;
				PRODUCT_NAME = "$(TARGET_NAME)";
				SWIFT_VERSION = 5.0;
				TARGETED_DEVICE_FAMILY = "1,2";
			};
			name = Debug;
		};
		69A97F6E252C7424006EA658 /* Release */ = {
			isa = XCBuildConfiguration;
			baseConfigurationReference = B0C85D1D28AB024D164D9B88 /* Pods-MyTestApp.release.xcconfig */;
			buildSettings = {
				ASSETCATALOG_COMPILER_APPICON_NAME = AppIcon;
				ASSETCATALOG_COMPILER_GLOBAL_ACCENT_COLOR_NAME = AccentColor;
				CODE_SIGN_STYLE = Automatic;
				DEVELOPMENT_TEAM = FUFK25RMK4;
				FRAMEWORK_SEARCH_PATHS = (
					"$(inherited)",
					"$(PROJECT_DIR)",
					"$(PROJECT_DIR)/MyTestApp",
					"$(PROJECT_DIR)/MyTestApp/Frameworks",
				);
				INFOPLIST_FILE = MyTestApp/Info.plist;
				IPHONEOS_DEPLOYMENT_TARGET = 13.2;
				LD_RUNPATH_SEARCH_PATHS = (
					"$(inherited)",
					"@executable_path/Frameworks",
				);
				PRODUCT_BUNDLE_IDENTIFIER = com.storytellers.storytellers;
				PRODUCT_NAME = "$(TARGET_NAME)";
				SWIFT_VERSION = 5.0;
				TARGETED_DEVICE_FAMILY = "1,2";
			};
			name = Release;
		};
		69A97F70252C7424006EA658 /* Debug */ = {
			isa = XCBuildConfiguration;
			baseConfigurationReference = C7DC32566BCF14B617172BF6 /* Pods-MyTestAppTests.debug.xcconfig */;
			buildSettings = {
				ALWAYS_EMBED_SWIFT_STANDARD_LIBRARIES = YES;
				BUNDLE_LOADER = "$(TEST_HOST)";
				CODE_SIGN_STYLE = Automatic;
				DEVELOPMENT_TEAM = FUFK25RMK4;
				INFOPLIST_FILE = MyTestAppTests/Info.plist;
				IPHONEOS_DEPLOYMENT_TARGET = 14.0;
				LD_RUNPATH_SEARCH_PATHS = (
					"$(inherited)",
					"@executable_path/Frameworks",
					"@loader_path/Frameworks",
				);
				PRODUCT_BUNDLE_IDENTIFIER = com.JoeKletz.MyTestAppTests;
				PRODUCT_NAME = "$(TARGET_NAME)";
				SWIFT_VERSION = 5.0;
				TARGETED_DEVICE_FAMILY = "1,2";
				TEST_HOST = "$(BUILT_PRODUCTS_DIR)/MyTestApp.app/MyTestApp";
			};
			name = Debug;
		};
		69A97F71252C7424006EA658 /* Release */ = {
			isa = XCBuildConfiguration;
			baseConfigurationReference = F586208A3060642BE49A930D /* Pods-MyTestAppTests.release.xcconfig */;
			buildSettings = {
				ALWAYS_EMBED_SWIFT_STANDARD_LIBRARIES = YES;
				BUNDLE_LOADER = "$(TEST_HOST)";
				CODE_SIGN_STYLE = Automatic;
				DEVELOPMENT_TEAM = FUFK25RMK4;
				INFOPLIST_FILE = MyTestAppTests/Info.plist;
				IPHONEOS_DEPLOYMENT_TARGET = 14.0;
				LD_RUNPATH_SEARCH_PATHS = (
					"$(inherited)",
					"@executable_path/Frameworks",
					"@loader_path/Frameworks",
				);
				PRODUCT_BUNDLE_IDENTIFIER = com.JoeKletz.MyTestAppTests;
				PRODUCT_NAME = "$(TARGET_NAME)";
				SWIFT_VERSION = 5.0;
				TARGETED_DEVICE_FAMILY = "1,2";
				TEST_HOST = "$(BUILT_PRODUCTS_DIR)/MyTestApp.app/MyTestApp";
			};
			name = Release;
		};
		69A97F73252C7424006EA658 /* Debug */ = {
			isa = XCBuildConfiguration;
			baseConfigurationReference = DD37FE3BFD6376713F24E284 /* Pods-MyTestApp-MyTestAppUITests.debug.xcconfig */;
			buildSettings = {
				ALWAYS_EMBED_SWIFT_STANDARD_LIBRARIES = YES;
				CODE_SIGN_STYLE = Automatic;
				DEVELOPMENT_TEAM = FUFK25RMK4;
				INFOPLIST_FILE = MyTestAppUITests/Info.plist;
				LD_RUNPATH_SEARCH_PATHS = (
					"$(inherited)",
					"@executable_path/Frameworks",
					"@loader_path/Frameworks",
				);
				PRODUCT_BUNDLE_IDENTIFIER = com.JoeKletz.MyTestAppUITests;
				PRODUCT_NAME = "$(TARGET_NAME)";
				SWIFT_VERSION = 5.0;
				TARGETED_DEVICE_FAMILY = "1,2";
				TEST_TARGET_NAME = MyTestApp;
			};
			name = Debug;
		};
		69A97F74252C7424006EA658 /* Release */ = {
			isa = XCBuildConfiguration;
			baseConfigurationReference = 7435D7A8075D773A712CD486 /* Pods-MyTestApp-MyTestAppUITests.release.xcconfig */;
			buildSettings = {
				ALWAYS_EMBED_SWIFT_STANDARD_LIBRARIES = YES;
				CODE_SIGN_STYLE = Automatic;
				DEVELOPMENT_TEAM = FUFK25RMK4;
				INFOPLIST_FILE = MyTestAppUITests/Info.plist;
				LD_RUNPATH_SEARCH_PATHS = (
					"$(inherited)",
					"@executable_path/Frameworks",
					"@loader_path/Frameworks",
				);
				PRODUCT_BUNDLE_IDENTIFIER = com.JoeKletz.MyTestAppUITests;
				PRODUCT_NAME = "$(TARGET_NAME)";
				SWIFT_VERSION = 5.0;
				TARGETED_DEVICE_FAMILY = "1,2";
				TEST_TARGET_NAME = MyTestApp;
			};
			name = Release;
		};
/* End XCBuildConfiguration section */

/* Begin XCConfigurationList section */
		69A97F3D252C7424006EA658 /* Build configuration list for PBXProject "MyTestApp" */ = {
			isa = XCConfigurationList;
			buildConfigurations = (
				69A97F6A252C7424006EA658 /* Debug */,
				69A97F6B252C7424006EA658 /* Release */,
			);
			defaultConfigurationIsVisible = 0;
			defaultConfigurationName = Release;
		};
		69A97F6C252C7424006EA658 /* Build configuration list for PBXNativeTarget "MyTestApp" */ = {
			isa = XCConfigurationList;
			buildConfigurations = (
				69A97F6D252C7424006EA658 /* Debug */,
				69A97F6E252C7424006EA658 /* Release */,
			);
			defaultConfigurationIsVisible = 0;
			defaultConfigurationName = Release;
		};
		69A97F6F252C7424006EA658 /* Build configuration list for PBXNativeTarget "MyTestAppTests" */ = {
			isa = XCConfigurationList;
			buildConfigurations = (
				69A97F70252C7424006EA658 /* Debug */,
				69A97F71252C7424006EA658 /* Release */,
			);
			defaultConfigurationIsVisible = 0;
			defaultConfigurationName = Release;
		};
		69A97F72252C7424006EA658 /* Build configuration list for PBXNativeTarget "MyTestAppUITests" */ = {
			isa = XCConfigurationList;
			buildConfigurations = (
				69A97F73252C7424006EA658 /* Debug */,
				69A97F74252C7424006EA658 /* Release */,
			);
			defaultConfigurationIsVisible = 0;
			defaultConfigurationName = Release;
		};
/* End XCConfigurationList section */

/* Begin XCVersionGroup section */
		6962B6BB2530D55600BBB81D /* MyTestApp.xcdatamodeld */ = {
			isa = XCVersionGroup;
			children = (
				6962B6BC2530D55600BBB81D /* MyTestApp.xcdatamodel */,
			);
			currentVersion = 6962B6BC2530D55600BBB81D /* MyTestApp.xcdatamodel */;
			path = MyTestApp.xcdatamodeld;
			sourceTree = "<group>";
			versionGroupType = wrapper.xcdatamodel;
		};
/* End XCVersionGroup section */
	};
	rootObject = 69A97F3A252C7424006EA658 /* Project object */;
}
